# This file is autogenerated, do not edit; changes may be undone by the next 'dep ensure'.


[[projects]]
  name = "github.com/davecgh/go-spew"
  packages = ["spew"]
  revision = "346938d642f2ec3594ed81d874461961cd0faa76"
  version = "v1.1.0"

[[projects]]
  name = "github.com/golang/protobuf"
  packages = ["proto"]
  revision = "925541529c1fa6821df4e44ce2723319eb2be768"
  version = "v1.0.0"

[[projects]]
  branch = "master"
  name = "github.com/monnand/dhkx"
  packages = ["."]
  revision = "6b25b12eea13bbce2d5a0f965105471e285f286c"

[solve-meta]
  analyzer-name = "dep"
  analyzer-version = 1
  inputs-digest = "cacd8fc06946e0113d80b98a6ec0e41025ad97b452434676d03cb7f957ee603e"
  solver-name = "gps-cdcl"
  solver-version = 1
